<?xml version="1.0" encoding="utf-8"?>
<Project ToolsVersion="4.0" xmlns="http://schemas.microsoft.com/developer/msbuild/2003">
  <ItemGroup>
    <Filter Include="Source Files">
      <UniqueIdentifier>{4FC737F1-C7A5-4376-A066-2A32D752A2FF}</UniqueIdentifier>
      <Extensions>cpp;c;cc;cxx;c++;cppm;ixx;def;odl;idl;hpj;bat;asm;asmx</Extensions>
    </Filter>
    <Filter Include="Framework">
      <UniqueIdentifier>{62518cba-6e9a-4357-9a7a-986338fa588f}</UniqueIdentifier>
    </Filter>
    <Filter Include="Framework\GameComponents">
      <UniqueIdentifier>{034f3eb0-e8a5-498c-b585-5c11483aa37e}</UniqueIdentifier>
    </Filter>
    <Filter Include="TinyXML">
      <UniqueIdentifier>{a012d3ce-2628-4ed7-bec3-1e3c19f5e7d9}</UniqueIdentifier>
    </Filter>
    <Filter Include="Framework\Ultis">
      <UniqueIdentifier>{7fe17c2b-dd4e-421a-b180-c14ba9b609c2}</UniqueIdentifier>
    </Filter>
    <Filter Include="Framework\GameComponents\Graphics">
      <UniqueIdentifier>{7e0b033d-419a-4769-ae0b-32d36a9f8a0d}</UniqueIdentifier>
    </Filter>
    <Filter Include="Framework\GameComponents\Graphics\Texture">
      <UniqueIdentifier>{7db7bd7c-06bf-4d47-8295-4508e3d15967}</UniqueIdentifier>
    </Filter>
    <Filter Include="Framework\GameComponents\Scene">
      <UniqueIdentifier>{23518c82-0e57-4cae-b438-0d8f65300677}</UniqueIdentifier>
    </Filter>
    <Filter Include="Framework\GameComponents\GameObject">
      <UniqueIdentifier>{5e3aa26f-9614-45be-9854-e46132913d41}</UniqueIdentifier>
    </Filter>
    <Filter Include="Framework\GameComponents\Graphics\Animation">
      <UniqueIdentifier>{3b6e305d-9020-4e04-981f-15f1ecdd658e}</UniqueIdentifier>
    </Filter>
    <Filter Include="Framework\GameComponents\Graphics\Sprite">
      <UniqueIdentifier>{5bed7b5c-615b-4e3b-bb19-156b2648d72e}</UniqueIdentifier>
    </Filter>
    <Filter Include="Resource Files">
      <UniqueIdentifier>{67DA6AB6-F800-4c08-8B7A-83BB121AAD01}</UniqueIdentifier>
      <Extensions>rc;ico;cur;bmp;dlg;rc2;rct;bin;rgs;gif;jpg;jpeg;jpe;resx;tiff;tif;png;wav;mfcribbon-ms</Extensions>
    </Filter>
    <Filter Include="Resource Files\Maps">
      <UniqueIdentifier>{8c7343fd-852f-414e-a7af-bc2f667279ac}</UniqueIdentifier>
    </Filter>
    <Filter Include="Resource Files\Textures">
      <UniqueIdentifier>{a4d05187-147e-4243-a9de-e0e38e4c29bd}</UniqueIdentifier>
    </Filter>
    <Filter Include="Resource Files\Sprites">
      <UniqueIdentifier>{b67d09c9-d86d-43ae-bb96-0859a1e02bd8}</UniqueIdentifier>
    </Filter>
    <Filter Include="Resource Files\Animations">
      <UniqueIdentifier>{b981385d-4afb-4b94-8bae-940b0d625214}</UniqueIdentifier>
    </Filter>
    <Filter Include="Game">
      <UniqueIdentifier>{76abb395-375d-48a9-8ccc-54226943a57e}</UniqueIdentifier>
    </Filter>
    <Filter Include="Game\Worlds">
      <UniqueIdentifier>{80b1e6fe-c9ea-4f95-83ab-31b7168b2c3a}</UniqueIdentifier>
    </Filter>
    <Filter Include="Game\Worlds\World1">
      <UniqueIdentifier>{cf5a5b7a-9960-42d1-af05-fcc988aa0df7}</UniqueIdentifier>
    </Filter>
    <Filter Include="Game\GameObjects">
      <UniqueIdentifier>{c59e6565-24d8-4769-b1ec-87bd62adea4e}</UniqueIdentifier>
    </Filter>
    <Filter Include="Game\GameObjects\Mario">
      <UniqueIdentifier>{92a12464-d9d6-4a8a-bbf0-7282f7155d6a}</UniqueIdentifier>
    </Filter>
    <Filter Include="Framework\GameComponents\Scene\Camera">
      <UniqueIdentifier>{67bc50c3-7115-4d5e-a95e-6f02f5948edf}</UniqueIdentifier>
    </Filter>
    <Filter Include="Framework\GameComponents\Scene\Map">
      <UniqueIdentifier>{3c61c3af-b360-41d3-bbf6-b0f0193cf402}</UniqueIdentifier>
    </Filter>
    <Filter Include="Framework\GameComponents\Grid">
      <UniqueIdentifier>{5532c294-cbfb-4e4a-942a-7d5d1c76ff42}</UniqueIdentifier>
    </Filter>
    <Filter Include="Framework\GameComponents\Graph">
      <UniqueIdentifier>{09977a6c-6256-4df7-b376-e213a9fc0de6}</UniqueIdentifier>
    </Filter>
    <Filter Include="Framework\GameComponents\Collision">
      <UniqueIdentifier>{64796174-4307-4f6b-a907-9cbbe1842a3c}</UniqueIdentifier>
    </Filter>
    <Filter Include="Resource Files\Scenes">
      <UniqueIdentifier>{973dcbb5-521d-47d5-bd56-cbbfd4131660}</UniqueIdentifier>
    </Filter>
    <Filter Include="Game\GameObjects\Mario\States">
      <UniqueIdentifier>{ddd16193-8e26-49de-80b0-c3b8e660b78a}</UniqueIdentifier>
    </Filter>
    <Filter Include="Framework\GameComponents\StateMachine">
      <UniqueIdentifier>{7212b4b8-143f-47e2-ada4-1c8aa840e304}</UniqueIdentifier>
    </Filter>
    <Filter Include="Game\GameObjects\Misc">
      <UniqueIdentifier>{7d34560d-d6da-4d4a-a7c2-30ec5cbdfb00}</UniqueIdentifier>
    </Filter>
    <Filter Include="Game\GameObjects\Platforms">
      <UniqueIdentifier>{d63ea5a7-725f-463e-9b64-cef04a45e6b6}</UniqueIdentifier>
    </Filter>
    <Filter Include="Framework\GameComponents\Keyboard">
      <UniqueIdentifier>{dfaebb40-4acd-4174-96de-cee4fc8fd1c5}</UniqueIdentifier>
    </Filter>
    <Filter Include="Game\GameObjects\Misc\Effect">
      <UniqueIdentifier>{b3044ec0-33a3-4221-827e-016fd2907a71}</UniqueIdentifier>
    </Filter>
  </ItemGroup>
  <ItemGroup>
    <ClCompile Include="main.cpp">
      <Filter>Source Files</Filter>
    </ClCompile>
    <ClCompile Include="Framework\GameComponents\Game.cpp">
      <Filter>Framework\GameComponents</Filter>
    </ClCompile>
    <ClCompile Include="TinyXML\tinyxml2.cpp">
      <Filter>TinyXML</Filter>
    </ClCompile>
    <ClCompile Include="Framework\Ultis\Ultis.cpp">
      <Filter>Framework\Ultis</Filter>
    </ClCompile>
    <ClCompile Include="Framework\GameComponents\Graphics\Texture\TextureManager.cpp">
      <Filter>Framework\GameComponents\Graphics\Texture</Filter>
    </ClCompile>
    <ClCompile Include="Framework\GameComponents\Scene\Scene.cpp">
      <Filter>Framework\GameComponents\Scene</Filter>
    </ClCompile>
    <ClCompile Include="Framework\GameComponents\GameObject\GameObject.cpp">
      <Filter>Framework\GameComponents\GameObject</Filter>
    </ClCompile>
    <ClCompile Include="Framework\GameComponents\Graphics\Animation\Animation.cpp">
      <Filter>Framework\GameComponents\Graphics\Animation</Filter>
    </ClCompile>
    <ClCompile Include="Framework\GameComponents\Graphics\Animation\AnimationFrame.cpp">
      <Filter>Framework\GameComponents\Graphics\Animation</Filter>
    </ClCompile>
    <ClCompile Include="Framework\GameComponents\Graphics\Sprite\Sprite.cpp">
      <Filter>Framework\GameComponents\Graphics\Sprite</Filter>
    </ClCompile>
    <ClCompile Include="Framework\GameComponents\Graphics\Animation\AnimationManager.cpp">
      <Filter>Framework\GameComponents\Graphics\Animation</Filter>
    </ClCompile>
    <ClCompile Include="Framework\GameComponents\Graphics\Sprite\SpriteManager.cpp">
      <Filter>Framework\GameComponents\Graphics\Sprite</Filter>
    </ClCompile>
    <ClCompile Include="Framework\GameComponents\Scene\SceneManager.cpp">
      <Filter>Framework\GameComponents\Scene</Filter>
    </ClCompile>
    <ClCompile Include="Game\Worlds\World1\Scene1.cpp">
      <Filter>Game\Worlds\World1</Filter>
    </ClCompile>
    <ClCompile Include="Game\GameObjects\Mario\Mario.cpp">
      <Filter>Game\GameObjects\Mario</Filter>
    </ClCompile>
    <ClCompile Include="Framework\GameComponents\Scene\Map\Map.cpp">
      <Filter>Framework\GameComponents\Scene\Map</Filter>
    </ClCompile>
    <ClCompile Include="Framework\GameComponents\Scene\Camera\Camera.cpp">
      <Filter>Framework\GameComponents\Scene\Camera</Filter>
    </ClCompile>
    <ClCompile Include="Framework\GameComponents\Scene\Map\TileMap.cpp">
      <Filter>Framework\GameComponents\Scene\Map</Filter>
    </ClCompile>
    <ClCompile Include="Framework\GameComponents\Graph\Node.cpp">
      <Filter>Framework\GameComponents\Graph</Filter>
    </ClCompile>
    <ClCompile Include="Framework\GameComponents\Graph\Graph.cpp">
      <Filter>Framework\GameComponents\Graph</Filter>
    </ClCompile>
    <ClCompile Include="Framework\GameComponents\GameObject\ObjectPool.cpp">
      <Filter>Framework\GameComponents\GameObject</Filter>
    </ClCompile>
    <ClCompile Include="Framework\GameComponents\Grid\Cell.cpp">
      <Filter>Framework\GameComponents\Grid</Filter>
    </ClCompile>
    <ClCompile Include="Framework\GameComponents\Grid\Grid.cpp">
      <Filter>Framework\GameComponents\Grid</Filter>
    </ClCompile>
    <ClCompile Include="Framework\GameComponents\Collision\HitBox.cpp">
      <Filter>Framework\GameComponents\Collision</Filter>
    </ClCompile>
    <ClCompile Include="Framework\GameComponents\Collision\PhysicsBody.cpp">
      <Filter>Framework\GameComponents\Collision</Filter>
    </ClCompile>
    <ClCompile Include="Game\GameObjects\Mario\MarioHitBox.cpp">
      <Filter>Game\GameObjects\Mario</Filter>
    </ClCompile>
    <ClCompile Include="Game\GameObjects\Mario\States\SmallMario.cpp">
      <Filter>Game\GameObjects\Mario\States</Filter>
    </ClCompile>
    <ClCompile Include="Framework\GameComponents\StateMachine\StateMachine.cpp">
      <Filter>Framework\GameComponents\StateMachine</Filter>
    </ClCompile>
    <ClCompile Include="Game\GameObjects\Mario\MarioController.cpp">
      <Filter>Game\GameObjects\Mario</Filter>
    </ClCompile>
    <ClCompile Include="Game\GameObjects\Platforms\GhostPlatform.cpp">
      <Filter>Game\GameObjects\Platforms</Filter>
    </ClCompile>
    <ClCompile Include="Game\GameObjects\Platforms\SolidBox.cpp">
      <Filter>Game\GameObjects\Platforms</Filter>
    </ClCompile>
    <ClCompile Include="Game\GameObjects\Misc\Block.cpp">
      <Filter>Game\GameObjects\Misc</Filter>
    </ClCompile>
    <ClCompile Include="Game\GameObjects\Misc\QuestionBlock.cpp">
      <Filter>Game\GameObjects\Misc</Filter>
    </ClCompile>
    <ClCompile Include="Game\GameObjects\Misc\Pipe.cpp">
      <Filter>Game\GameObjects\Misc</Filter>
    </ClCompile>
    <ClCompile Include="Framework\GameComponents\Keyboard\KeyboardManager.cpp">
      <Filter>Framework\GameComponents\Keyboard</Filter>
    </ClCompile>
    <ClCompile Include="Framework\GameComponents\Keyboard\KeyEventHandler.cpp">
      <Filter>Framework\GameComponents\Keyboard</Filter>
    </ClCompile>
    <ClCompile Include="Game\GameObjects\Misc\EmptyBlock.cpp">
      <Filter>Game\GameObjects\Misc</Filter>
    </ClCompile>
    <ClCompile Include="Game\GameObjects\Misc\Coin.cpp">
      <Filter>Game\GameObjects\Misc</Filter>
    </ClCompile>
    <ClCompile Include="Game\GameObjects\Misc\Brick.cpp">
      <Filter>Game\GameObjects\Misc</Filter>
    </ClCompile>
    <ClCompile Include="Game\GameObjects\Mario\States\SuperMario.cpp">
      <Filter>Game\GameObjects\Mario\States</Filter>
    </ClCompile>
    <ClCompile Include="Game\GameObjects\Misc\Effect\EffectObject.cpp">
      <Filter>Game\GameObjects\Misc\Effect</Filter>
    </ClCompile>
    <ClCompile Include="Game\GameObjects\Misc\Effect\BrickEffect.cpp">
      <Filter>Game\GameObjects\Misc\Effect</Filter>
    </ClCompile>
    <ClCompile Include="Game\GameObjects\Misc\Effect\CoinEffect.cpp">
      <Filter>Game\GameObjects\Misc\Effect</Filter>
    </ClCompile>
    <ClCompile Include="Game\GameObjects\Misc\Effect\Gift.cpp">
      <Filter>Game\GameObjects\Misc\Effect</Filter>
    </ClCompile>
  </ItemGroup>
  <ItemGroup>
    <ClInclude Include="Framework\GameComponents\Game.h">
      <Filter>Framework\GameComponents</Filter>
    </ClInclude>
    <ClInclude Include="TinyXML\tinyxml2.h">
      <Filter>TinyXML</Filter>
    </ClInclude>
    <ClInclude Include="Framework\Ultis\Ultis.h">
      <Filter>Framework\Ultis</Filter>
    </ClInclude>
    <ClInclude Include="Framework\GameComponents\Const.h">
      <Filter>Framework\GameComponents</Filter>
    </ClInclude>
    <ClInclude Include="Framework\GameComponents\Graphics\Texture\TextureManager.h">
      <Filter>Framework\GameComponents\Graphics\Texture</Filter>
    </ClInclude>
    <ClInclude Include="Framework\GameComponents\Scene\Scene.h">
      <Filter>Framework\GameComponents\Scene</Filter>
    </ClInclude>
    <ClInclude Include="Framework\GameComponents\GameObject\GameObject.h">
      <Filter>Framework\GameComponents\GameObject</Filter>
    </ClInclude>
    <ClInclude Include="Framework\GameComponents\Graphics\Animation\Animation.h">
      <Filter>Framework\GameComponents\Graphics\Animation</Filter>
    </ClInclude>
    <ClInclude Include="Framework\GameComponents\Graphics\Animation\AnimationFrame.h">
      <Filter>Framework\GameComponents\Graphics\Animation</Filter>
    </ClInclude>
    <ClInclude Include="Framework\GameComponents\Graphics\Sprite\Sprite.h">
      <Filter>Framework\GameComponents\Graphics\Sprite</Filter>
    </ClInclude>
    <ClInclude Include="Framework\GameComponents\Graphics\Animation\AnimationManager.h">
      <Filter>Framework\GameComponents\Graphics\Animation</Filter>
    </ClInclude>
    <ClInclude Include="Framework\GameComponents\Graphics\Sprite\SpriteManager.h">
      <Filter>Framework\GameComponents\Graphics\Sprite</Filter>
    </ClInclude>
    <ClInclude Include="Framework\GameComponents\Scene\SceneManager.h">
      <Filter>Framework\GameComponents\Scene</Filter>
    </ClInclude>
    <ClInclude Include="Framework\Ultis\Transform.h">
      <Filter>Framework\Ultis</Filter>
    </ClInclude>
    <ClInclude Include="Game\Worlds\World1\Scene1.h">
      <Filter>Game\Worlds\World1</Filter>
    </ClInclude>
    <ClInclude Include="Game\GameObjects\Mario\Mario.h">
      <Filter>Game\GameObjects\Mario</Filter>
    </ClInclude>
    <ClInclude Include="Framework\GameComponents\Scene\Map\Map.h">
      <Filter>Framework\GameComponents\Scene\Map</Filter>
    </ClInclude>
    <ClInclude Include="Framework\GameComponents\Scene\Camera\Camera.h">
      <Filter>Framework\GameComponents\Scene\Camera</Filter>
    </ClInclude>
    <ClInclude Include="Framework\Ultis\RectFrame.h">
      <Filter>Framework\Ultis</Filter>
    </ClInclude>
    <ClInclude Include="Framework\GameComponents\Scene\Map\TileMap.h">
      <Filter>Framework\GameComponents\Scene\Map</Filter>
    </ClInclude>
    <ClInclude Include="Framework\Ultis\Index.h">
      <Filter>Framework\Ultis</Filter>
    </ClInclude>
    <ClInclude Include="Framework\GameComponents\Graph\Node.h">
      <Filter>Framework\GameComponents\Graph</Filter>
    </ClInclude>
    <ClInclude Include="Framework\GameComponents\Graph\Graph.h">
      <Filter>Framework\GameComponents\Graph</Filter>
    </ClInclude>
    <ClInclude Include="Framework\GameComponents\GameObject\ObjectPool.h">
      <Filter>Framework\GameComponents\GameObject</Filter>
    </ClInclude>
    <ClInclude Include="Framework\GameComponents\Grid\Cell.h">
      <Filter>Framework\GameComponents\Grid</Filter>
    </ClInclude>
    <ClInclude Include="Framework\GameComponents\Grid\Grid.h">
      <Filter>Framework\GameComponents\Grid</Filter>
    </ClInclude>
    <ClInclude Include="Framework\GameComponents\GameObject\ObjectTag.h">
      <Filter>Framework\GameComponents\GameObject</Filter>
    </ClInclude>
    <ClInclude Include="Framework\GameComponents\Collision\HitBox.h">
      <Filter>Framework\GameComponents\Collision</Filter>
    </ClInclude>
    <ClInclude Include="Framework\GameComponents\Collision\PhysicsBody.h">
      <Filter>Framework\GameComponents\Collision</Filter>
    </ClInclude>
    <ClInclude Include="Game\GameObjects\Mario\MarioConst.h">
      <Filter>Game\GameObjects\Mario</Filter>
    </ClInclude>
    <ClInclude Include="Game\GameObjects\Mario\MarioHitBox.h">
      <Filter>Game\GameObjects\Mario</Filter>
    </ClInclude>
    <ClInclude Include="Game\GameObjects\Mario\States\SmallMario.h">
      <Filter>Game\GameObjects\Mario\States</Filter>
    </ClInclude>
    <ClInclude Include="Framework\GameComponents\StateMachine\IState.h">
      <Filter>Framework\GameComponents\StateMachine</Filter>
    </ClInclude>
    <ClInclude Include="Framework\GameComponents\StateMachine\StateMachine.h">
      <Filter>Framework\GameComponents\StateMachine</Filter>
    </ClInclude>
    <ClInclude Include="Game\GameObjects\Mario\MarioController.h">
      <Filter>Game\GameObjects\Mario</Filter>
    </ClInclude>
    <ClInclude Include="Game\GameObjects\Platforms\GhostPlatform.h">
      <Filter>Game\GameObjects\Platforms</Filter>
    </ClInclude>
    <ClInclude Include="Game\GameObjects\Platforms\SolidBox.h">
      <Filter>Game\GameObjects\Platforms</Filter>
    </ClInclude>
    <ClInclude Include="Game\GameObjects\Misc\Block.h">
      <Filter>Game\GameObjects\Misc</Filter>
    </ClInclude>
    <ClInclude Include="Game\GameObjects\Misc\QuestionBlock.h">
      <Filter>Game\GameObjects\Misc</Filter>
    </ClInclude>
    <ClInclude Include="Game\GameObjects\ItemInfo.h">
      <Filter>Game\GameObjects</Filter>
    </ClInclude>
    <ClInclude Include="Game\GameObjects\Misc\Pipe.h">
      <Filter>Game\GameObjects\Misc</Filter>
    </ClInclude>
    <ClInclude Include="Game\GameObjects\Misc\Misc.h">
      <Filter>Game\GameObjects\Misc</Filter>
    </ClInclude>
    <ClInclude Include="Framework\GameComponents\Keyboard\KeyboardManager.h">
      <Filter>Framework\GameComponents\Keyboard</Filter>
    </ClInclude>
    <ClInclude Include="Framework\GameComponents\Keyboard\KeyEventHandler.h">
      <Filter>Framework\GameComponents\Keyboard</Filter>
    </ClInclude>
    <ClInclude Include="Game\GameObjects\Mario\MarioStateSet.h">
      <Filter>Game\GameObjects\Mario</Filter>
    </ClInclude>
    <ClInclude Include="Game\GameObjects\Misc\EmptyBlock.h">
      <Filter>Game\GameObjects\Misc</Filter>
    </ClInclude>
    <ClInclude Include="Game\GameObjects\Misc\Coin.h">
      <Filter>Game\GameObjects\Misc</Filter>
    </ClInclude>
    <ClInclude Include="Game\GameObjects\Misc\Brick.h">
      <Filter>Game\GameObjects\Misc</Filter>
    </ClInclude>
    <ClInclude Include="Game\GameObjects\Mario\States\SuperMario.h">
      <Filter>Game\GameObjects\Mario\States</Filter>
    </ClInclude>
    <ClInclude Include="Game\GameObjects\Misc\Effect\EffectObject.h">
      <Filter>Game\GameObjects\Misc\Effect</Filter>
    </ClInclude>
    <ClInclude Include="Game\GameObjects\Misc\Effect\BrickEffect.h">
      <Filter>Game\GameObjects\Misc\Effect</Filter>
    </ClInclude>
    <ClInclude Include="Game\GameObjects\Misc\Effect\CoinEffect.h">
      <Filter>Game\GameObjects\Misc\Effect</Filter>
    </ClInclude>
    <ClInclude Include="Game\GameObjects\Misc\Effect\Gift.h">
      <Filter>Game\GameObjects\Misc\Effect</Filter>
    </ClInclude>
  </ItemGroup>
  <ItemGroup>
    <Xml Include="Resources\config.xml">
      <Filter>Resource Files</Filter>
    </Xml>
    <Xml Include="Resources\root.xml">
      <Filter>Resource Files</Filter>
    </Xml>
    <Xml Include="Resources\Animations\AMario.xml">
      <Filter>Resource Files\Animations</Filter>
    </Xml>
    <Xml Include="Resources\Sprites\SMario.xml">
      <Filter>Resource Files\Sprites</Filter>
    </Xml>
    <Xml Include="Resources\Scenes\Scene1-1.xml">
      <Filter>Resource Files\Scenes</Filter>
    </Xml>
    <Xml Include="Resources\Animations\AMisc.xml">
      <Filter>Resource Files\Animations</Filter>
    </Xml>
    <Xml Include="Resources\Sprites\SMisc.xml">
      <Filter>Resource Files\Sprites</Filter>
    </Xml>
  </ItemGroup>
  <ItemGroup>
    <None Include="packages.config" />
    <None Include="Resources\Maps\mariomap.tiled-project">
      <Filter>Resource Files\Maps</Filter>
    </None>
    <None Include="Resources\Maps\mariomap.tiled-session">
      <Filter>Resource Files\Maps</Filter>
    </None>
    <None Include="Resources\Maps\misc.tsx">
      <Filter>Resource Files\Maps</Filter>
    </None>
    <None Include="Resources\Maps\Map1-1.tmx">
      <Filter>Resource Files\Maps</Filter>
    </None>
  </ItemGroup>
  <ItemGroup>
    <Image Include="Resources\Textures\enemies.png">
      <Filter>Resource Files\Textures</Filter>
    </Image>
    <Image Include="Resources\Textures\mario.png">
      <Filter>Resource Files\Textures</Filter>
    </Image>
    <Image Include="Resources\Textures\misc.png">
      <Filter>Resource Files\Textures</Filter>
    </Image>
  </ItemGroup>
</Project>